<?xml version="1.0" encoding="UTF-8" standalone="yes" ?>
<CodeBlocks_project_file>
	<FileVersion major="1" minor="6" />
	<Project>
		<Option title="irp" />
		<Option pch_mode="2" />
		<Option compiler="gcc" />
		<Option virtualFolders="Input\;Solution\;Util\;" />
		<Build>
			<Target title="Debug">
				<Option output="bin/Debug/irp" prefix_auto="1" extension_auto="1" />
				<Option object_output="obj/Debug/" />
				<Option type="1" />
				<Option compiler="gcc" />
				<Compiler>
					<Add option="-g" />
					<Add directory="include" />
				</Compiler>
			</Target>
			<Target title="Release">
				<Option output="bin/Release/irp" prefix_auto="1" extension_auto="1" />
				<Option object_output="obj/Release/" />
				<Option type="1" />
				<Option compiler="gcc" />
				<Compiler>
					<Add option="-O2" />
					<Add directory="include" />
				</Compiler>
				<Linker>
					<Add option="-s" />
				</Linker>
			</Target>
		</Build>
		<Compiler>
			<Add option="-std=c++11" />
			<Add option="-Wall" />
			<Add option="-fexceptions" />
		</Compiler>
		<Unit filename="src/Base.cpp">
			<Option virtualFolder="Input/" />
		</Unit>
		<Unit filename="src/Base.h">
			<Option virtualFolder="Input/" />
		</Unit>
		<Unit filename="src/Customer.cpp">
			<Option virtualFolder="Input/" />
		</Unit>
		<Unit filename="src/Customer.h">
			<Option virtualFolder="Input/" />
		</Unit>
		<Unit filename="src/Driver.cpp">
			<Option virtualFolder="Input/" />
		</Unit>
		<Unit filename="src/Driver.h">
			<Option virtualFolder="Input/" />
		</Unit>
		<Unit filename="src/ILS.cpp">
			<Option virtualFolder="Input/" />
		</Unit>
		<Unit filename="src/ILS.h">
			<Option virtualFolder="Input/" />
		</Unit>
		<Unit filename="src/InputData.cpp">
			<Option virtualFolder="Input/" />
		</Unit>
		<Unit filename="src/InputData.h">
			<Option virtualFolder="Input/" />
		</Unit>
		<Unit filename="src/Location.cpp">
			<Option virtualFolder="Input/" />
		</Unit>
		<Unit filename="src/Location.h">
			<Option virtualFolder="Input/" />
		</Unit>
		<Unit filename="src/Penalties.cpp">
			<Option virtualFolder="Solution/" />
		</Unit>
		<Unit filename="src/Penalties.h">
			<Option virtualFolder="Solution/" />
		</Unit>
		<Unit filename="src/Shift.cpp">
			<Option virtualFolder="Solution/" />
		</Unit>
		<Unit filename="src/Shift.h">
			<Option virtualFolder="Solution/" />
		</Unit>
		<Unit filename="src/Solution.cpp">
			<Option virtualFolder="Solution/" />
		</Unit>
		<Unit filename="src/Solution.h">
			<Option virtualFolder="Solution/" />
		</Unit>
		<Unit filename="src/Source.cpp">
			<Option virtualFolder="Input/" />
		</Unit>
		<Unit filename="src/Source.h">
			<Option virtualFolder="Input/" />
		</Unit>
		<Unit filename="src/Stop.cpp">
			<Option virtualFolder="Solution/" />
		</Unit>
		<Unit filename="src/Stop.h">
			<Option virtualFolder="Solution/" />
		</Unit>
		<Unit filename="src/TimeWindow.cpp">
			<Option virtualFolder="Input/" />
		</Unit>
		<Unit filename="src/TimeWindow.h">
			<Option virtualFolder="Input/" />
		</Unit>
		<Unit filename="src/Trailer.cpp">
			<Option virtualFolder="Input/" />
		</Unit>
		<Unit filename="src/Trailer.h">
			<Option virtualFolder="Input/" />
		</Unit>
		<Unit filename="src/XMLDataLoader.cpp">
			<Option virtualFolder="Input/" />
		</Unit>
		<Unit filename="src/XMLDataLoader.h">
			<Option virtualFolder="Input/" />
		</Unit>
		<Unit filename="src/main.cpp" />
		<Unit filename="src/util/Markup.cpp">
			<Option virtualFolder="Util/" />
		</Unit>
		<Unit filename="src/util/Markup.h">
			<Option virtualFolder="Util/" />
		</Unit>
		<Extensions>
			<code_completion />
			<debugger />
			<envvars />
		</Extensions>
	</Project>
</CodeBlocks_project_file>
